
Microsoft Visual Studio Solution File, Format Version 12.00
# Visual Studio Version 17
VisualStudioVersion = 17.4.32804.182
MinimumVisualStudioVersion = 10.0.40219.1
Project("{FAE04EC0-301F-11D3-BF4B-00C04F79EFBC}") = "Despensa Inteligente", "Despensa Inteligente.csproj", "{B64FAABC-C3B2-44ED-AE8E-8E1478948495}"
EndProject
Global
	GlobalSection(SolutionConfigurationPlatforms) = preSolution
		Debug|Any CPU = Debug|Any CPU
		Release|Any CPU = Release|Any CPU
	EndGlobalSection
	GlobalSection(ProjectConfigurationPlatforms) = postSolution
		{B64FAABC-C3B2-44ED-AE8E-8E1478948495}.Debug|Any CPU.ActiveCfg = Debug|Any CPU
		{B64FAABC-C3B2-44ED-AE8E-8E1478948495}.Debug|Any CPU.Build.0 = Debug|Any CPU
		{B64FAABC-C3B2-44ED-AE8E-8E1478948495}.Debug|Any CPU.Deploy.0 = Debug|Any CPU
		{B64FAABC-C3B2-44ED-AE8E-8E1478948495}.Release|Any CPU.ActiveCfg = Release|Any CPU
		{B64FAABC-C3B2-44ED-AE8E-8E1478948495}.Release|Any CPU.Build.0 = Release|Any CPU
		{B64FAABC-C3B2-44ED-AE8E-8E1478948495}.Release|Any CPU.Deploy.0 = Release|Any CPU
	EndGlobalSection
	GlobalSection(SolutionProperties) = preSolution
		HideSolutionNode = FALSE
	EndGlobalSection
	GlobalSection(ExtensibilityGlobals) = postSolution
		SolutionGuid = {9A19A228-D514-4BD9-83D2-6E948E737EEE}
	EndGlobalSection
EndGlobal
